# This file is automatically @generated by Wally.
# It is not intended for manual editing.
registry = "test"

[[package]]
name = "monnapse/chroma"
version = "0.1.0"
dependencies = [["roact", "roblox/roact@1.4.4"], ["roactRodux", "roblox/roact-rodux@0.5.1"], ["rodux", "roblox/rodux@4.0.0-rc.0"]]

[[package]]
name = "roblox/roact"
version = "1.4.4"
dependencies = []

[[package]]
name = "roblox/roact-rodux"
version = "0.5.1"
dependencies = [["Roact", "roblox/roact@1.4.4"], ["Rodux", "roblox/rodux@4.0.0-rc.0"]]

[[package]]
name = "roblox/rodux"
version = "4.0.0-rc.0"
dependencies = []
